// !$*UTF8*$!
{
	archiveVersion = 1;
	classes = {
	};
	objectVersion = 50;
	objects = {

/* Begin PBXBuildFile section */
		9163501E2282216D0088F1EA /* WhiteboardView+Scene.swift in Sources */ = {isa = PBXBuildFile; fileRef = 9163501D2282216D0088F1EA /* WhiteboardView+Scene.swift */; };
		91BDA2B2227C8F1A00FC1932 /* SceneOptionsViewController.swift in Sources */ = {isa = PBXBuildFile; fileRef = 91BDA2B1227C8F1A00FC1932 /* SceneOptionsViewController.swift */; };
		91BDA2B4227C8F5600FC1932 /* SceneOptionsViewController.xib in Resources */ = {isa = PBXBuildFile; fileRef = 91BDA2B3227C8F5600FC1932 /* SceneOptionsViewController.xib */; };
		91BDA2B7227CD18000FC1932 /* Types.swift in Sources */ = {isa = PBXBuildFile; fileRef = 91BDA2B6227CD18000FC1932 /* Types.swift */; };
		91BDA2B9227CD23300FC1932 /* SceneProcessing.swift in Sources */ = {isa = PBXBuildFile; fileRef = 91BDA2B8227CD23300FC1932 /* SceneProcessing.swift */; };
		91BDA2BB227CD24F00FC1932 /* SceneInteracting.swift in Sources */ = {isa = PBXBuildFile; fileRef = 91BDA2BA227CD24F00FC1932 /* SceneInteracting.swift */; };
		91BDA2BD227CD29300FC1932 /* SceneViewController+Updating.swift in Sources */ = {isa = PBXBuildFile; fileRef = 91BDA2BC227CD29300FC1932 /* SceneViewController+Updating.swift */; };
		91BDA2BF227CD31700FC1932 /* SceneViewController+Interacting.swift in Sources */ = {isa = PBXBuildFile; fileRef = 91BDA2BE227CD31700FC1932 /* SceneViewController+Interacting.swift */; };
		91BDA2C3227CD80A00FC1932 /* SceneRouting.swift in Sources */ = {isa = PBXBuildFile; fileRef = 91BDA2C2227CD80A00FC1932 /* SceneRouting.swift */; };
		91BDA2C5227CD91100FC1932 /* SceneState.swift in Sources */ = {isa = PBXBuildFile; fileRef = 91BDA2C4227CD91100FC1932 /* SceneState.swift */; };
		91CABD2E2284721B00ADA6D3 /* DrawingOptions+Graphics.swift in Sources */ = {isa = PBXBuildFile; fileRef = 91CABD2D2284721B00ADA6D3 /* DrawingOptions+Graphics.swift */; };
		91CABD31228472A300ADA6D3 /* DrawingTool.swift in Sources */ = {isa = PBXBuildFile; fileRef = 91CABD30228472A300ADA6D3 /* DrawingTool.swift */; };
		91CABD342284732900ADA6D3 /* DrawingOptions.swift in Sources */ = {isa = PBXBuildFile; fileRef = 91CABD332284732900ADA6D3 /* DrawingOptions.swift */; };
		91CABD362284737700ADA6D3 /* DrawTool.swift in Sources */ = {isa = PBXBuildFile; fileRef = 91CABD352284737700ADA6D3 /* DrawTool.swift */; };
		91CABD382284737E00ADA6D3 /* DashesTool.swift in Sources */ = {isa = PBXBuildFile; fileRef = 91CABD372284737E00ADA6D3 /* DashesTool.swift */; };
		91CABD3A2284738500ADA6D3 /* EraseTool.swift in Sources */ = {isa = PBXBuildFile; fileRef = 91CABD392284738500ADA6D3 /* EraseTool.swift */; };
		91CABD3D228475C600ADA6D3 /* Stroke.swift in Sources */ = {isa = PBXBuildFile; fileRef = 91CABD3C228475C600ADA6D3 /* Stroke.swift */; };
		91CABD3F228475D500ADA6D3 /* Eraser.swift in Sources */ = {isa = PBXBuildFile; fileRef = 91CABD3E228475D500ADA6D3 /* Eraser.swift */; };
		91CABD41228475DC00ADA6D3 /* DashedStroke.swift in Sources */ = {isa = PBXBuildFile; fileRef = 91CABD40228475DC00ADA6D3 /* DashedStroke.swift */; };
		91E1C4C8227A3F0A00C6F139 /* AppDelegate.swift in Sources */ = {isa = PBXBuildFile; fileRef = 91E1C4C7227A3F0A00C6F139 /* AppDelegate.swift */; };
		91E1C4CA227A3F0A00C6F139 /* SceneViewController.swift in Sources */ = {isa = PBXBuildFile; fileRef = 91E1C4C9227A3F0A00C6F139 /* SceneViewController.swift */; };
		91E1C4CD227A3F0A00C6F139 /* Main.storyboard in Resources */ = {isa = PBXBuildFile; fileRef = 91E1C4CB227A3F0A00C6F139 /* Main.storyboard */; };
		91E1C4CF227A3F0C00C6F139 /* Assets.xcassets in Resources */ = {isa = PBXBuildFile; fileRef = 91E1C4CE227A3F0C00C6F139 /* Assets.xcassets */; };
		91E1C4D2227A3F0C00C6F139 /* LaunchScreen.storyboard in Resources */ = {isa = PBXBuildFile; fileRef = 91E1C4D0227A3F0C00C6F139 /* LaunchScreen.storyboard */; };
		91E1C4DA227A3F8500C6F139 /* BrowserViewController.swift in Sources */ = {isa = PBXBuildFile; fileRef = 91E1C4D9227A3F8500C6F139 /* BrowserViewController.swift */; };
		91E1C4ED227C445300C6F139 /* WhiteboardView.swift in Sources */ = {isa = PBXBuildFile; fileRef = 91E1C4EB227C445300C6F139 /* WhiteboardView.swift */; };
/* End PBXBuildFile section */

/* Begin PBXFileReference section */
		9163501D2282216D0088F1EA /* WhiteboardView+Scene.swift */ = {isa = PBXFileReference; lastKnownFileType = sourcecode.swift; path = "WhiteboardView+Scene.swift"; sourceTree = "<group>"; };
		91BDA2B1227C8F1A00FC1932 /* SceneOptionsViewController.swift */ = {isa = PBXFileReference; lastKnownFileType = sourcecode.swift; path = SceneOptionsViewController.swift; sourceTree = "<group>"; };
		91BDA2B3227C8F5600FC1932 /* SceneOptionsViewController.xib */ = {isa = PBXFileReference; lastKnownFileType = file.xib; path = SceneOptionsViewController.xib; sourceTree = "<group>"; };
		91BDA2B6227CD18000FC1932 /* Types.swift */ = {isa = PBXFileReference; lastKnownFileType = sourcecode.swift; path = Types.swift; sourceTree = "<group>"; };
		91BDA2B8227CD23300FC1932 /* SceneProcessing.swift */ = {isa = PBXFileReference; lastKnownFileType = sourcecode.swift; path = SceneProcessing.swift; sourceTree = "<group>"; };
		91BDA2BA227CD24F00FC1932 /* SceneInteracting.swift */ = {isa = PBXFileReference; lastKnownFileType = sourcecode.swift; path = SceneInteracting.swift; sourceTree = "<group>"; };
		91BDA2BC227CD29300FC1932 /* SceneViewController+Updating.swift */ = {isa = PBXFileReference; lastKnownFileType = sourcecode.swift; path = "SceneViewController+Updating.swift"; sourceTree = "<group>"; };
		91BDA2BE227CD31700FC1932 /* SceneViewController+Interacting.swift */ = {isa = PBXFileReference; lastKnownFileType = sourcecode.swift; path = "SceneViewController+Interacting.swift"; sourceTree = "<group>"; };
		91BDA2C2227CD80A00FC1932 /* SceneRouting.swift */ = {isa = PBXFileReference; lastKnownFileType = sourcecode.swift; path = SceneRouting.swift; sourceTree = "<group>"; };
		91BDA2C4227CD91100FC1932 /* SceneState.swift */ = {isa = PBXFileReference; lastKnownFileType = sourcecode.swift; path = SceneState.swift; sourceTree = "<group>"; };
		91CABD2D2284721B00ADA6D3 /* DrawingOptions+Graphics.swift */ = {isa = PBXFileReference; lastKnownFileType = sourcecode.swift; path = "DrawingOptions+Graphics.swift"; sourceTree = "<group>"; };
		91CABD30228472A300ADA6D3 /* DrawingTool.swift */ = {isa = PBXFileReference; lastKnownFileType = sourcecode.swift; path = DrawingTool.swift; sourceTree = "<group>"; };
		91CABD332284732900ADA6D3 /* DrawingOptions.swift */ = {isa = PBXFileReference; lastKnownFileType = sourcecode.swift; path = DrawingOptions.swift; sourceTree = "<group>"; };
		91CABD352284737700ADA6D3 /* DrawTool.swift */ = {isa = PBXFileReference; lastKnownFileType = sourcecode.swift; path = DrawTool.swift; sourceTree = "<group>"; };
		91CABD372284737E00ADA6D3 /* DashesTool.swift */ = {isa = PBXFileReference; lastKnownFileType = sourcecode.swift; path = DashesTool.swift; sourceTree = "<group>"; };
		91CABD392284738500ADA6D3 /* EraseTool.swift */ = {isa = PBXFileReference; lastKnownFileType = sourcecode.swift; path = EraseTool.swift; sourceTree = "<group>"; };
		91CABD3C228475C600ADA6D3 /* Stroke.swift */ = {isa = PBXFileReference; lastKnownFileType = sourcecode.swift; path = Stroke.swift; sourceTree = "<group>"; };
		91CABD3E228475D500ADA6D3 /* Eraser.swift */ = {isa = PBXFileReference; lastKnownFileType = sourcecode.swift; path = Eraser.swift; sourceTree = "<group>"; };
		91CABD40228475DC00ADA6D3 /* DashedStroke.swift */ = {isa = PBXFileReference; lastKnownFileType = sourcecode.swift; path = DashedStroke.swift; sourceTree = "<group>"; };
		91E1C4C4227A3F0A00C6F139 /* DrawingApp.app */ = {isa = PBXFileReference; explicitFileType = wrapper.application; includeInIndex = 0; path = DrawingApp.app; sourceTree = BUILT_PRODUCTS_DIR; };
		91E1C4C7227A3F0A00C6F139 /* AppDelegate.swift */ = {isa = PBXFileReference; lastKnownFileType = sourcecode.swift; path = AppDelegate.swift; sourceTree = "<group>"; };
		91E1C4C9227A3F0A00C6F139 /* SceneViewController.swift */ = {isa = PBXFileReference; lastKnownFileType = sourcecode.swift; path = SceneViewController.swift; sourceTree = "<group>"; };
		91E1C4CC227A3F0A00C6F139 /* Base */ = {isa = PBXFileReference; lastKnownFileType = file.storyboard; name = Base; path = Base.lproj/Main.storyboard; sourceTree = "<group>"; };
		91E1C4CE227A3F0C00C6F139 /* Assets.xcassets */ = {isa = PBXFileReference; lastKnownFileType = folder.assetcatalog; path = Assets.xcassets; sourceTree = "<group>"; };
		91E1C4D1227A3F0C00C6F139 /* Base */ = {isa = PBXFileReference; lastKnownFileType = file.storyboard; name = Base; path = Base.lproj/LaunchScreen.storyboard; sourceTree = "<group>"; };
		91E1C4D3227A3F0C00C6F139 /* Info.plist */ = {isa = PBXFileReference; lastKnownFileType = text.plist.xml; path = Info.plist; sourceTree = "<group>"; };
		91E1C4D9227A3F8500C6F139 /* BrowserViewController.swift */ = {isa = PBXFileReference; lastKnownFileType = sourcecode.swift; path = BrowserViewController.swift; sourceTree = "<group>"; };
		91E1C4EB227C445300C6F139 /* WhiteboardView.swift */ = {isa = PBXFileReference; fileEncoding = 4; lastKnownFileType = sourcecode.swift; path = WhiteboardView.swift; sourceTree = "<group>"; };
/* End PBXFileReference section */

/* Begin PBXFrameworksBuildPhase section */
		91E1C4C1227A3F0A00C6F139 /* Frameworks */ = {
			isa = PBXFrameworksBuildPhase;
			buildActionMask = 2147483647;
			files = (
			);
			runOnlyForDeploymentPostprocessing = 0;
		};
/* End PBXFrameworksBuildPhase section */

/* Begin PBXGroup section */
		9163501F2282280F0088F1EA /* Whiteboard */ = {
			isa = PBXGroup;
			children = (
				91CABD3B228475AB00ADA6D3 /* Shapes */,
				91E1C4EB227C445300C6F139 /* WhiteboardView.swift */,
			);
			path = Whiteboard;
			sourceTree = "<group>";
		};
		91BDA2B5227CD10700FC1932 /* Scene */ = {
			isa = PBXGroup;
			children = (
				9163501D2282216D0088F1EA /* WhiteboardView+Scene.swift */,
				91BDA2C4227CD91100FC1932 /* SceneState.swift */,
				91BDA2B8227CD23300FC1932 /* SceneProcessing.swift */,
				91BDA2BA227CD24F00FC1932 /* SceneInteracting.swift */,
				91BDA2C2227CD80A00FC1932 /* SceneRouting.swift */,
				91E1C4C9227A3F0A00C6F139 /* SceneViewController.swift */,
				91BDA2BC227CD29300FC1932 /* SceneViewController+Updating.swift */,
				91BDA2BE227CD31700FC1932 /* SceneViewController+Interacting.swift */,
			);
			path = Scene;
			sourceTree = "<group>";
		};
		91BDA2C0227CD3F800FC1932 /* SceneOptions */ = {
			isa = PBXGroup;
			children = (
				91BDA2B1227C8F1A00FC1932 /* SceneOptionsViewController.swift */,
				91BDA2B3227C8F5600FC1932 /* SceneOptionsViewController.xib */,
			);
			path = SceneOptions;
			sourceTree = "<group>";
		};
		91BDA2C1227CD49F00FC1932 /* Browser */ = {
			isa = PBXGroup;
			children = (
				91E1C4D9227A3F8500C6F139 /* BrowserViewController.swift */,
			);
			path = Browser;
			sourceTree = "<group>";
		};
		91CABD2F2284728A00ADA6D3 /* DrawingOptions */ = {
			isa = PBXGroup;
			children = (
				91CABD30228472A300ADA6D3 /* DrawingTool.swift */,
				91CABD32228472B600ADA6D3 /* DrawingTools */,
				91CABD332284732900ADA6D3 /* DrawingOptions.swift */,
				91CABD2D2284721B00ADA6D3 /* DrawingOptions+Graphics.swift */,
			);
			path = DrawingOptions;
			sourceTree = "<group>";
		};
		91CABD32228472B600ADA6D3 /* DrawingTools */ = {
			isa = PBXGroup;
			children = (
				91CABD352284737700ADA6D3 /* DrawTool.swift */,
				91CABD372284737E00ADA6D3 /* DashesTool.swift */,
				91CABD392284738500ADA6D3 /* EraseTool.swift */,
			);
			path = DrawingTools;
			sourceTree = "<group>";
		};
		91CABD3B228475AB00ADA6D3 /* Shapes */ = {
			isa = PBXGroup;
			children = (
				91CABD3C228475C600ADA6D3 /* Stroke.swift */,
				91CABD3E228475D500ADA6D3 /* Eraser.swift */,
				91CABD40228475DC00ADA6D3 /* DashedStroke.swift */,
			);
			path = Shapes;
			sourceTree = "<group>";
		};
		91E1C4BB227A3F0A00C6F139 = {
			isa = PBXGroup;
			children = (
				91E1C4C6227A3F0A00C6F139 /* DrawingApp */,
				91E1C4C5227A3F0A00C6F139 /* Products */,
			);
			sourceTree = "<group>";
		};
		91E1C4C5227A3F0A00C6F139 /* Products */ = {
			isa = PBXGroup;
			children = (
				91E1C4C4227A3F0A00C6F139 /* DrawingApp.app */,
			);
			name = Products;
			sourceTree = "<group>";
		};
		91E1C4C6227A3F0A00C6F139 /* DrawingApp */ = {
			isa = PBXGroup;
			children = (
				91BDA2B6227CD18000FC1932 /* Types.swift */,
				91BDA2B5227CD10700FC1932 /* Scene */,
				91BDA2C0227CD3F800FC1932 /* SceneOptions */,
				91CABD2F2284728A00ADA6D3 /* DrawingOptions */,
				91BDA2C1227CD49F00FC1932 /* Browser */,
				9163501F2282280F0088F1EA /* Whiteboard */,
				91E1C4C7227A3F0A00C6F139 /* AppDelegate.swift */,
				91E1C4CB227A3F0A00C6F139 /* Main.storyboard */,
				91E1C4CE227A3F0C00C6F139 /* Assets.xcassets */,
				91E1C4D0227A3F0C00C6F139 /* LaunchScreen.storyboard */,
				91E1C4D3227A3F0C00C6F139 /* Info.plist */,
			);
			path = DrawingApp;
			sourceTree = "<group>";
		};
/* End PBXGroup section */

/* Begin PBXNativeTarget section */
		91E1C4C3227A3F0A00C6F139 /* DrawingApp */ = {
			isa = PBXNativeTarget;
			buildConfigurationList = 91E1C4D6227A3F0C00C6F139 /* Build configuration list for PBXNativeTarget "DrawingApp" */;
			buildPhases = (
				91E1C4C0227A3F0A00C6F139 /* Sources */,
				91E1C4C1227A3F0A00C6F139 /* Frameworks */,
				91E1C4C2227A3F0A00C6F139 /* Resources */,
			);
			buildRules = (
			);
			dependencies = (
			);
			name = DrawingApp;
			productName = DrawingApp;
			productReference = 91E1C4C4227A3F0A00C6F139 /* DrawingApp.app */;
			productType = "com.apple.product-type.application";
		};
/* End PBXNativeTarget section */

/* Begin PBXProject section */
		91E1C4BC227A3F0A00C6F139 /* Project object */ = {
			isa = PBXProject;
			attributes = {
				LastSwiftUpdateCheck = 1010;
				LastUpgradeCheck = 1010;
				ORGANIZATIONNAME = "Oleksandr Ignatenko";
				TargetAttributes = {
					91E1C4C3227A3F0A00C6F139 = {
						CreatedOnToolsVersion = 10.1;
					};
				};
			};
			buildConfigurationList = 91E1C4BF227A3F0A00C6F139 /* Build configuration list for PBXProject "DrawingApp" */;
			compatibilityVersion = "Xcode 9.3";
			developmentRegion = en;
			hasScannedForEncodings = 0;
			knownRegions = (
				en,
				Base,
			);
			mainGroup = 91E1C4BB227A3F0A00C6F139;
			productRefGroup = 91E1C4C5227A3F0A00C6F139 /* Products */;
			projectDirPath = "";
			projectRoot = "";
			targets = (
				91E1C4C3227A3F0A00C6F139 /* DrawingApp */,
			);
		};
/* End PBXProject section */

/* Begin PBXResourcesBuildPhase section */
		91E1C4C2227A3F0A00C6F139 /* Resources */ = {
			isa = PBXResourcesBuildPhase;
			buildActionMask = 2147483647;
			files = (
				91BDA2B4227C8F5600FC1932 /* SceneOptionsViewController.xib in Resources */,
				91E1C4D2227A3F0C00C6F139 /* LaunchScreen.storyboard in Resources */,
				91E1C4CF227A3F0C00C6F139 /* Assets.xcassets in Resources */,
				91E1C4CD227A3F0A00C6F139 /* Main.storyboard in Resources */,
			);
			runOnlyForDeploymentPostprocessing = 0;
		};
/* End PBXResourcesBuildPhase section */

/* Begin PBXSourcesBuildPhase section */
		91E1C4C0227A3F0A00C6F139 /* Sources */ = {
			isa = PBXSourcesBuildPhase;
			buildActionMask = 2147483647;
			files = (
				91BDA2B9227CD23300FC1932 /* SceneProcessing.swift in Sources */,
				91BDA2BD227CD29300FC1932 /* SceneViewController+Updating.swift in Sources */,
				91CABD362284737700ADA6D3 /* DrawTool.swift in Sources */,
				91E1C4CA227A3F0A00C6F139 /* SceneViewController.swift in Sources */,
				9163501E2282216D0088F1EA /* WhiteboardView+Scene.swift in Sources */,
				91E1C4ED227C445300C6F139 /* WhiteboardView.swift in Sources */,
				91E1C4DA227A3F8500C6F139 /* BrowserViewController.swift in Sources */,
				91CABD3D228475C600ADA6D3 /* Stroke.swift in Sources */,
				91BDA2B7227CD18000FC1932 /* Types.swift in Sources */,
				91CABD3F228475D500ADA6D3 /* Eraser.swift in Sources */,
				91CABD342284732900ADA6D3 /* DrawingOptions.swift in Sources */,
				91BDA2C3227CD80A00FC1932 /* SceneRouting.swift in Sources */,
				91BDA2B2227C8F1A00FC1932 /* SceneOptionsViewController.swift in Sources */,
				91BDA2C5227CD91100FC1932 /* SceneState.swift in Sources */,
				91CABD41228475DC00ADA6D3 /* DashedStroke.swift in Sources */,
				91E1C4C8227A3F0A00C6F139 /* AppDelegate.swift in Sources */,
				91BDA2BF227CD31700FC1932 /* SceneViewController+Interacting.swift in Sources */,
				91CABD2E2284721B00ADA6D3 /* DrawingOptions+Graphics.swift in Sources */,
				91CABD31228472A300ADA6D3 /* DrawingTool.swift in Sources */,
				91BDA2BB227CD24F00FC1932 /* SceneInteracting.swift in Sources */,
				91CABD3A2284738500ADA6D3 /* EraseTool.swift in Sources */,
				91CABD382284737E00ADA6D3 /* DashesTool.swift in Sources */,
			);
			runOnlyForDeploymentPostprocessing = 0;
		};
/* End PBXSourcesBuildPhase section */

/* Begin PBXVariantGroup section */
		91E1C4CB227A3F0A00C6F139 /* Main.storyboard */ = {
			isa = PBXVariantGroup;
			children = (
				91E1C4CC227A3F0A00C6F139 /* Base */,
			);
			name = Main.storyboard;
			sourceTree = "<group>";
		};
		91E1C4D0227A3F0C00C6F139 /* LaunchScreen.storyboard */ = {
			isa = PBXVariantGroup;
			children = (
				91E1C4D1227A3F0C00C6F139 /* Base */,
			);
			name = LaunchScreen.storyboard;
			sourceTree = "<group>";
		};
/* End PBXVariantGroup section */

/* Begin XCBuildConfiguration section */
		91E1C4D4227A3F0C00C6F139 /* Debug */ = {
			isa = XCBuildConfiguration;
			buildSettings = {
				ALWAYS_SEARCH_USER_PATHS = NO;
				CLANG_ANALYZER_NONNULL = YES;
				CLANG_ANALYZER_NUMBER_OBJECT_CONVERSION = YES_AGGRESSIVE;
				CLANG_CXX_LANGUAGE_STANDARD = "gnu++14";
				CLANG_CXX_LIBRARY = "libc++";
				CLANG_ENABLE_MODULES = YES;
				CLANG_ENABLE_OBJC_ARC = YES;
				CLANG_ENABLE_OBJC_WEAK = YES;
				CLANG_WARN_BLOCK_CAPTURE_AUTORELEASING = YES;
				CLANG_WARN_BOOL_CONVERSION = YES;
				CLANG_WARN_COMMA = YES;
				CLANG_WARN_CONSTANT_CONVERSION = YES;
				CLANG_WARN_DEPRECATED_OBJC_IMPLEMENTATIONS = YES;
				CLANG_WARN_DIRECT_OBJC_ISA_USAGE = YES_ERROR;
				CLANG_WARN_DOCUMENTATION_COMMENTS = YES;
				CLANG_WARN_EMPTY_BODY = YES;
				CLANG_WARN_ENUM_CONVERSION = YES;
				CLANG_WARN_INFINITE_RECURSION = YES;
				CLANG_WARN_INT_CONVERSION = YES;
				CLANG_WARN_NON_LITERAL_NULL_CONVERSION = YES;
				CLANG_WARN_OBJC_IMPLICIT_RETAIN_SELF = YES;
				CLANG_WARN_OBJC_LITERAL_CONVERSION = YES;
				CLANG_WARN_OBJC_ROOT_CLASS = YES_ERROR;
				CLANG_WARN_RANGE_LOOP_ANALYSIS = YES;
				CLANG_WARN_STRICT_PROTOTYPES = YES;
				CLANG_WARN_SUSPICIOUS_MOVE = YES;
				CLANG_WARN_UNGUARDED_AVAILABILITY = YES_AGGRESSIVE;
				CLANG_WARN_UNREACHABLE_CODE = YES;
				CLANG_WARN__DUPLICATE_METHOD_MATCH = YES;
				CODE_SIGN_IDENTITY = "iPhone Developer";
				COPY_PHASE_STRIP = NO;
				DEBUG_INFORMATION_FORMAT = dwarf;
				ENABLE_STRICT_OBJC_MSGSEND = YES;
				ENABLE_TESTABILITY = YES;
				GCC_C_LANGUAGE_STANDARD = gnu11;
				GCC_DYNAMIC_NO_PIC = NO;
				GCC_NO_COMMON_BLOCKS = YES;
				GCC_OPTIMIZATION_LEVEL = 0;
				GCC_PREPROCESSOR_DEFINITIONS = (
					"DEBUG=1",
					"$(inherited)",
				);
				GCC_WARN_64_TO_32_BIT_CONVERSION = YES;
				GCC_WARN_ABOUT_RETURN_TYPE = YES_ERROR;
				GCC_WARN_UNDECLARED_SELECTOR = YES;
				GCC_WARN_UNINITIALIZED_AUTOS = YES_AGGRESSIVE;
				GCC_WARN_UNUSED_FUNCTION = YES;
				GCC_WARN_UNUSED_VARIABLE = YES;
				IPHONEOS_DEPLOYMENT_TARGET = 12.1;
				MTL_ENABLE_DEBUG_INFO = INCLUDE_SOURCE;
				MTL_FAST_MATH = YES;
				ONLY_ACTIVE_ARCH = YES;
				SDKROOT = iphoneos;
				SWIFT_ACTIVE_COMPILATION_CONDITIONS = DEBUG;
				SWIFT_OPTIMIZATION_LEVEL = "-Onone";
			};
			name = Debug;
		};
		91E1C4D5227A3F0C00C6F139 /* Release */ = {
			isa = XCBuildConfiguration;
			buildSettings = {
				ALWAYS_SEARCH_USER_PATHS = NO;
				CLANG_ANALYZER_NONNULL = YES;
				CLANG_ANALYZER_NUMBER_OBJECT_CONVERSION = YES_AGGRESSIVE;
				CLANG_CXX_LANGUAGE_STANDARD = "gnu++14";
				CLANG_CXX_LIBRARY = "libc++";
				CLANG_ENABLE_MODULES = YES;
				CLANG_ENABLE_OBJC_ARC = YES;
				CLANG_ENABLE_OBJC_WEAK = YES;
				CLANG_WARN_BLOCK_CAPTURE_AUTORELEASING = YES;
				CLANG_WARN_BOOL_CONVERSION = YES;
				CLANG_WARN_COMMA = YES;
				CLANG_WARN_CONSTANT_CONVERSION = YES;
				CLANG_WARN_DEPRECATED_OBJC_IMPLEMENTATIONS = YES;
				CLANG_WARN_DIRECT_OBJC_ISA_USAGE = YES_ERROR;
				CLANG_WARN_DOCUMENTATION_COMMENTS = YES;
				CLANG_WARN_EMPTY_BODY = YES;
				CLANG_WARN_ENUM_CONVERSION = YES;
				CLANG_WARN_INFINITE_RECURSION = YES;
				CLANG_WARN_INT_CONVERSION = YES;
				CLANG_WARN_NON_LITERAL_NULL_CONVERSION = YES;
				CLANG_WARN_OBJC_IMPLICIT_RETAIN_SELF = YES;
				CLANG_WARN_OBJC_LITERAL_CONVERSION = YES;
				CLANG_WARN_OBJC_ROOT_CLASS = YES_ERROR;
				CLANG_WARN_RANGE_LOOP_ANALYSIS = YES;
				CLANG_WARN_STRICT_PROTOTYPES = YES;
				CLANG_WARN_SUSPICIOUS_MOVE = YES;
				CLANG_WARN_UNGUARDED_AVAILABILITY = YES_AGGRESSIVE;
				CLANG_WARN_UNREACHABLE_CODE = YES;
				CLANG_WARN__DUPLICATE_METHOD_MATCH = YES;
				CODE_SIGN_IDENTITY = "iPhone Developer";
				COPY_PHASE_STRIP = NO;
				DEBUG_INFORMATION_FORMAT = "dwarf-with-dsym";
				ENABLE_NS_ASSERTIONS = NO;
				ENABLE_STRICT_OBJC_MSGSEND = YES;
				GCC_C_LANGUAGE_STANDARD = gnu11;
				GCC_NO_COMMON_BLOCKS = YES;
				GCC_WARN_64_TO_32_BIT_CONVERSION = YES;
				GCC_WARN_ABOUT_RETURN_TYPE = YES_ERROR;
				GCC_WARN_UNDECLARED_SELECTOR = YES;
				GCC_WARN_UNINITIALIZED_AUTOS = YES_AGGRESSIVE;
				GCC_WARN_UNUSED_FUNCTION = YES;
				GCC_WARN_UNUSED_VARIABLE = YES;
				IPHONEOS_DEPLOYMENT_TARGET = 12.1;
				MTL_ENABLE_DEBUG_INFO = NO;
				MTL_FAST_MATH = YES;
				SDKROOT = iphoneos;
				SWIFT_COMPILATION_MODE = wholemodule;
				SWIFT_OPTIMIZATION_LEVEL = "-O";
				VALIDATE_PRODUCT = YES;
			};
			name = Release;
		};
		91E1C4D7227A3F0C00C6F139 /* Debug */ = {
			isa = XCBuildConfiguration;
			buildSettings = {
				ASSETCATALOG_COMPILER_APPICON_NAME = AppIcon;
				CODE_SIGN_IDENTITY = "iPhone Developer";
				CODE_SIGN_STYLE = Automatic;
				DEVELOPMENT_TEAM = EVN9SKKEPM;
				INFOPLIST_FILE = DrawingApp/Info.plist;
				LD_RUNPATH_SEARCH_PATHS = (
					"$(inherited)",
					"@executable_path/Frameworks",
				);
				PRODUCT_BUNDLE_IDENTIFIER = "com.github-libdx.DrawingApp";
				PRODUCT_NAME = "$(TARGET_NAME)";
				PROVISIONING_PROFILE_SPECIFIER = "";
				SWIFT_VERSION = 4.2;
				TARGETED_DEVICE_FAMILY = "1,2";
			};
			name = Debug;
		};
		91E1C4D8227A3F0C00C6F139 /* Release */ = {
			isa = XCBuildConfiguration;
			buildSettings = {
				ASSETCATALOG_COMPILER_APPICON_NAME = AppIcon;
				CODE_SIGN_IDENTITY = "iPhone Developer";
				CODE_SIGN_STYLE = Automatic;
				DEVELOPMENT_TEAM = EVN9SKKEPM;
				INFOPLIST_FILE = DrawingApp/Info.plist;
				LD_RUNPATH_SEARCH_PATHS = (
					"$(inherited)",
					"@executable_path/Frameworks",
				);
				PRODUCT_BUNDLE_IDENTIFIER = "com.github-libdx.DrawingApp";
				PRODUCT_NAME = "$(TARGET_NAME)";
				PROVISIONING_PROFILE_SPECIFIER = "";
				SWIFT_VERSION = 4.2;
				TARGETED_DEVICE_FAMILY = "1,2";
			};
			name = Release;
		};
/* End XCBuildConfiguration section */

/* Begin XCConfigurationList section */
		91E1C4BF227A3F0A00C6F139 /* Build configuration list for PBXProject "DrawingApp" */ = {
			isa = XCConfigurationList;
			buildConfigurations = (
				91E1C4D4227A3F0C00C6F139 /* Debug */,
				91E1C4D5227A3F0C00C6F139 /* Release */,
			);
			defaultConfigurationIsVisible = 0;
			defaultConfigurationName = Release;
		};
		91E1C4D6227A3F0C00C6F139 /* Build configuration list for PBXNativeTarget "DrawingApp" */ = {
			isa = XCConfigurationList;
			buildConfigurations = (
				91E1C4D7227A3F0C00C6F139 /* Debug */,
				91E1C4D8227A3F0C00C6F139 /* Release */,
			);
			defaultConfigurationIsVisible = 0;
			defaultConfigurationName = Release;
		};
/* End XCConfigurationList section */
	};
	rootObject = 91E1C4BC227A3F0A00C6F139 /* Project object */;
}
